
Microsoft Visual Studio Solution File, Format Version 12.00
# Visual Studio Version 16
VisualStudioVersion = 16.0.31605.320
MinimumVisualStudioVersion = 10.0.40219.1
Project("{FAE04EC0-301F-11D3-BF4B-00C04F79EFBC}") = "LojaWeb", "LojaWeb\LojaWeb.csproj", "{2CB496D2-3F30-456B-8215-91732875E26F}"
EndProject
Global
	GlobalSection(SolutionConfigurationPlatforms) = preSolution
		Debug|Any CPU = Debug|Any CPU
		Release|Any CPU = Release|Any CPU
	EndGlobalSection
	GlobalSection(ProjectConfigurationPlatforms) = postSolution
		{2CB496D2-3F30-456B-8215-91732875E26F}.Debug|Any CPU.ActiveCfg = Debug|Any CPU
		{2CB496D2-3F30-456B-8215-91732875E26F}.Debug|Any CPU.Build.0 = Debug|Any CPU
		{2CB496D2-3F30-456B-8215-91732875E26F}.Release|Any CPU.ActiveCfg = Release|Any CPU
		{2CB496D2-3F30-456B-8215-91732875E26F}.Release|Any CPU.Build.0 = Release|Any CPU
	EndGlobalSection
	GlobalSection(SolutionProperties) = preSolution
		HideSolutionNode = FALSE
	EndGlobalSection
	GlobalSection(ExtensibilityGlobals) = postSolution
		SolutionGuid = {DAA7A4BE-4D74-4B7C-8566-38C314869CDD}
	EndGlobalSection
EndGlobal
